
Microsoft Visual Studio Solution File, Format Version 12.00
# Visual Studio Version 17
VisualStudioVersion = 17.6.33829.357
MinimumVisualStudioVersion = 10.0.40219.1
Project("{FAE04EC0-301F-11D3-BF4B-00C04F79EFBC}") = "SuperAdventure", "SuperAdventure\SuperAdventure.csproj", "{A2624219-C8AD-4D9E-B4AD-BF25D9C253D8}"
EndProject
Project("{FAE04EC0-301F-11D3-BF4B-00C04F79EFBC}") = "Engine", "Engine\Engine.csproj", "{76C8DF19-B24C-4290-B87F-D4B4966165F7}"
EndProject
Global
	GlobalSection(SolutionConfigurationPlatforms) = preSolution
		Debug|Any CPU = Debug|Any CPU
		Release|Any CPU = Release|Any CPU
	EndGlobalSection
	GlobalSection(ProjectConfigurationPlatforms) = postSolution
		{A2624219-C8AD-4D9E-B4AD-BF25D9C253D8}.Debug|Any CPU.ActiveCfg = Debug|Any CPU
		{A2624219-C8AD-4D9E-B4AD-BF25D9C253D8}.Debug|Any CPU.Build.0 = Debug|Any CPU
		{A2624219-C8AD-4D9E-B4AD-BF25D9C253D8}.Release|Any CPU.ActiveCfg = Release|Any CPU
		{A2624219-C8AD-4D9E-B4AD-BF25D9C253D8}.Release|Any CPU.Build.0 = Release|Any CPU
		{76C8DF19-B24C-4290-B87F-D4B4966165F7}.Debug|Any CPU.ActiveCfg = Debug|Any CPU
		{76C8DF19-B24C-4290-B87F-D4B4966165F7}.Debug|Any CPU.Build.0 = Debug|Any CPU
		{76C8DF19-B24C-4290-B87F-D4B4966165F7}.Release|Any CPU.ActiveCfg = Release|Any CPU
		{76C8DF19-B24C-4290-B87F-D4B4966165F7}.Release|Any CPU.Build.0 = Release|Any CPU
	EndGlobalSection
	GlobalSection(SolutionProperties) = preSolution
		HideSolutionNode = FALSE
	EndGlobalSection
	GlobalSection(ExtensibilityGlobals) = postSolution
		SolutionGuid = {C729C663-9532-4B34-BE9B-A5EBD7386D16}
	EndGlobalSection
EndGlobal
